
Microsoft Visual Studio Solution File, Format Version 12.00
Project("{FAE04EC0-301F-11D3-BF4B-00C04F79EFBC}") = "Notifications.Domain", "Notifications.Domain\Notifications.Domain.csproj", "{00B2FAD7-F88F-4A42-9126-33C92601525E}"
EndProject
Project("{FAE04EC0-301F-11D3-BF4B-00C04F79EFBC}") = "Notifications.Application", "Notifications.Application\Notifications.Application.csproj", "{DEDCB1C8-EAFD-4216-A32A-A860909070C8}"
EndProject
Project("{FAE04EC0-301F-11D3-BF4B-00C04F79EFBC}") = "Notifications.Infrastructure", "Notifications.Infrastructure\Notifications.Infrastructure.csproj", "{5D95E831-1699-4CB1-8D5B-9C3E050D8770}"
EndProject
Project("{2150E333-8FDC-42A3-9474-1A3956D46DE8}") = "Shared", "Shared", "{E38890CC-36BB-4ECA-85D1-0210AC5DA058}"
EndProject
Project("{FAE04EC0-301F-11D3-BF4B-00C04F79EFBC}") = "Notifications.WebApi", "Notifications.WebApi\Notifications.WebApi.csproj", "{E2C722D6-9330-4B8B-A22D-973016FD7C9B}"
EndProject
Project("{2150E333-8FDC-42A3-9474-1A3956D46DE8}") = "Request", "Request", "{58BC8544-6FDF-42CC-865C-08790E397543}"
	ProjectSection(SolutionItems) = preProject
		Request\user-sign-up.http = Request\user-sign-up.http
		Request\text = Request\text
		Request\user-sign-in.http = Request\user-sign-in.http
	EndProjectSection
EndProject
Project("{2150E333-8FDC-42A3-9474-1A3956D46DE8}") = "Solution Items", "Solution Items", "{AB896187-4DF3-41D6-8FC9-12636D6AFB91}"
	ProjectSection(SolutionItems) = preProject
		.gitignore = .gitignore
		global.json = global.json
		README.md = README.md
	EndProjectSection
EndProject
Project("{2150E333-8FDC-42A3-9474-1A3956D46DE8}") = "NotificationGroups", "NotificationGroups", "{D9B36327-8B1A-4ED7-B19C-496AA9CA8157}"
	ProjectSection(SolutionItems) = preProject
		Request\NotificationGroups\create.http = Request\NotificationGroups\create.http
		Request\NotificationGroups\update.http = Request\NotificationGroups\update.http
		Request\NotificationGroups\delete.http = Request\NotificationGroups\delete.http
		Request\NotificationGroups\get-all.http = Request\NotificationGroups\get-all.http
		Request\NotificationGroups\get.http = Request\NotificationGroups\get.http
	EndProjectSection
EndProject
Project("{FAE04EC0-301F-11D3-BF4B-00C04F79EFBC}") = "HandleMessage", "HandleMessage\HandleMessage.csproj", "{D7855329-62A9-492B-9F30-8CF8CEC888B5}"
EndProject
Global
	GlobalSection(SolutionConfigurationPlatforms) = preSolution
		Debug|Any CPU = Debug|Any CPU
		Release|Any CPU = Release|Any CPU
	EndGlobalSection
	GlobalSection(ProjectConfigurationPlatforms) = postSolution
		{00B2FAD7-F88F-4A42-9126-33C92601525E}.Debug|Any CPU.ActiveCfg = Debug|Any CPU
		{00B2FAD7-F88F-4A42-9126-33C92601525E}.Debug|Any CPU.Build.0 = Debug|Any CPU
		{00B2FAD7-F88F-4A42-9126-33C92601525E}.Release|Any CPU.ActiveCfg = Release|Any CPU
		{00B2FAD7-F88F-4A42-9126-33C92601525E}.Release|Any CPU.Build.0 = Release|Any CPU
		{DEDCB1C8-EAFD-4216-A32A-A860909070C8}.Debug|Any CPU.ActiveCfg = Debug|Any CPU
		{DEDCB1C8-EAFD-4216-A32A-A860909070C8}.Debug|Any CPU.Build.0 = Debug|Any CPU
		{DEDCB1C8-EAFD-4216-A32A-A860909070C8}.Release|Any CPU.ActiveCfg = Release|Any CPU
		{DEDCB1C8-EAFD-4216-A32A-A860909070C8}.Release|Any CPU.Build.0 = Release|Any CPU
		{5D95E831-1699-4CB1-8D5B-9C3E050D8770}.Debug|Any CPU.ActiveCfg = Debug|Any CPU
		{5D95E831-1699-4CB1-8D5B-9C3E050D8770}.Debug|Any CPU.Build.0 = Debug|Any CPU
		{5D95E831-1699-4CB1-8D5B-9C3E050D8770}.Release|Any CPU.ActiveCfg = Release|Any CPU
		{5D95E831-1699-4CB1-8D5B-9C3E050D8770}.Release|Any CPU.Build.0 = Release|Any CPU
		{E2C722D6-9330-4B8B-A22D-973016FD7C9B}.Debug|Any CPU.ActiveCfg = Debug|Any CPU
		{E2C722D6-9330-4B8B-A22D-973016FD7C9B}.Debug|Any CPU.Build.0 = Debug|Any CPU
		{E2C722D6-9330-4B8B-A22D-973016FD7C9B}.Release|Any CPU.ActiveCfg = Release|Any CPU
		{E2C722D6-9330-4B8B-A22D-973016FD7C9B}.Release|Any CPU.Build.0 = Release|Any CPU
		{D7855329-62A9-492B-9F30-8CF8CEC888B5}.Debug|Any CPU.ActiveCfg = Debug|Any CPU
		{D7855329-62A9-492B-9F30-8CF8CEC888B5}.Debug|Any CPU.Build.0 = Debug|Any CPU
		{D7855329-62A9-492B-9F30-8CF8CEC888B5}.Release|Any CPU.ActiveCfg = Release|Any CPU
		{D7855329-62A9-492B-9F30-8CF8CEC888B5}.Release|Any CPU.Build.0 = Release|Any CPU
	EndGlobalSection
	GlobalSection(NestedProjects) = preSolution
		{D9B36327-8B1A-4ED7-B19C-496AA9CA8157} = {58BC8544-6FDF-42CC-865C-08790E397543}
	EndGlobalSection
EndGlobal
